# This file is autogenerated, do not edit; changes may be undone by the next 'dep ensure'.


[[projects]]
  name = "github.com/deckarep/golang-set"
  packages = ["."]
  revision = "fc8930a5e645572ee00bf66358ed3414f3c13b90"
  version = "v1.6"

[solve-meta]
  analyzer-name = "dep"
  analyzer-version = 1
  inputs-digest = "d9852efb5549db4630a43cd80ed4148a43df94358835da4c3559084809672bf7"
  solver-name = "gps-cdcl"
  solver-version = 1
